# THIS IS AN AUTOGENERATED FILE. DO NOT EDIT THIS FILE DIRECTLY.
# yarn lockfile v1


"@openzeppelin/contracts@^4.2.0":
  version "4.2.0"
  resolved "https://registry.yarnpkg.com/@openzeppelin/contracts/-/contracts-4.2.0.tgz#260d921d99356e48013d9d760caaa6cea35dc642"
  integrity sha512-LD4NnkKpHHSMo5z9MvFsG4g1xxZUDqV3A3Futu3nvyfs4wPwXxqOgMaxOoa2PeyGL2VNeSlbxT54enbQzGcgJQ==

bn.js@^5.2.0:
  version "5.2.0"
  resolved "https://registry.yarnpkg.com/bn.js/-/bn.js-5.2.0.tgz#358860674396c6997771a9d051fcc1b57d4ae002"
  integrity sha512-D7iWRBvnZE8ecXiLj/9wbxH7Tk79fAh8IHaTNq1RWRixsS02W+5qS+iE9yq6RYl0asXx5tw0bLhmT5pIfbSquw==
